
Microsoft Visual Studio Solution File, Format Version 12.00
# Visual Studio 2013
VisualStudioVersion = 12.0.21005.1
MinimumVisualStudioVersion = 10.0.40219.1
Project("{8BC9CEB8-8B4A-11D0-8D11-00A0C91BC942}") = "xxTest", "xxTest\xxTest.vcxproj", "{5F50EC66-2DC6-4B0D-B551-E3D872AC05C1}"
EndProject
Global
	GlobalSection(SolutionConfigurationPlatforms) = preSolution
		Debug|Win32 = Debug|Win32
		Release|Win32 = Release|Win32
	EndGlobalSection
	GlobalSection(ProjectConfigurationPlatforms) = postSolution
		{5F50EC66-2DC6-4B0D-B551-E3D872AC05C1}.Debug|Win32.ActiveCfg = Debug|Win32
		{5F50EC66-2DC6-4B0D-B551-E3D872AC05C1}.Debug|Win32.Build.0 = Debug|Win32
		{5F50EC66-2DC6-4B0D-B551-E3D872AC05C1}.Release|Win32.ActiveCfg = Release|Win32
		{5F50EC66-2DC6-4B0D-B551-E3D872AC05C1}.Release|Win32.Build.0 = Release|Win32
	EndGlobalSection
	GlobalSection(SolutionProperties) = preSolution
		HideSolutionNode = FALSE
	EndGlobalSection
EndGlobal
